{
  "requires": true,
  "lockfileVersion": 1,
  "dependencies": {
    "promise-nodeify": {
      "version": "3.0.0",
      "resolved": "https://registry.npmjs.org/promise-nodeify/-/promise-nodeify-3.0.0.tgz",
      "integrity": "sha512-VRUS4G2N3GY/iYd8ckcyNPpWqst7siUSUrPK/6uMjMrZF+ds3ENXWsA0ARXNDlHdmSeCh3Lz6mND6cwrtfwCwQ=="
    },
    "proxying-agent": {
      "version": "2.2.1",
      "resolved": "https://registry.npmjs.org/proxying-agent/-/proxying-agent-2.2.1.tgz",
      "integrity": "sha512-zDb8WBOB1RDL2UihLdxnBgSilEYW+RdLVp9EKfdatUsRvgUvq/fHTuO5HoKhoueyKKXyXrgQc7prWETnS33h0g=="
    },
    "tinify": {
      "version": "1.6.0-beta.2",
      "resolved": "https://registry.npmjs.org/tinify/-/tinify-1.6.0-beta.2.tgz",
      "integrity": "sha512-jzOtntNLiRRhMN5AlRlxapUhNYVH3YhU2cfk3Xg2u5g+t4ZfdXe97TqYvIl7cyenfXmqo5SCZet7t4alv53XvQ==",
      "requires": {
        "promise-nodeify": "3.0.0",
        "proxying-agent": "2.2.1"
      }
    }
  }
}
